
Microsoft Visual Studio Solution File, Format Version 12.00
# Visual Studio Version 17
VisualStudioVersion = 17.1.32407.343
MinimumVisualStudioVersion = 10.0.40219.1
Project("{FAE04EC0-301F-11D3-BF4B-00C04F79EFBC}") = "Telefon Rehberi Uygulaması", "Telefon Rehberi Uygulaması.csproj", "{37DAF3EE-8D98-41A8-9F04-C773E69406CC}"
EndProject
Global
	GlobalSection(SolutionConfigurationPlatforms) = preSolution
		Debug|Any CPU = Debug|Any CPU
		Release|Any CPU = Release|Any CPU
	EndGlobalSection
	GlobalSection(ProjectConfigurationPlatforms) = postSolution
		{37DAF3EE-8D98-41A8-9F04-C773E69406CC}.Debug|Any CPU.ActiveCfg = Debug|Any CPU
		{37DAF3EE-8D98-41A8-9F04-C773E69406CC}.Debug|Any CPU.Build.0 = Debug|Any CPU
		{37DAF3EE-8D98-41A8-9F04-C773E69406CC}.Release|Any CPU.ActiveCfg = Release|Any CPU
		{37DAF3EE-8D98-41A8-9F04-C773E69406CC}.Release|Any CPU.Build.0 = Release|Any CPU
	EndGlobalSection
	GlobalSection(SolutionProperties) = preSolution
		HideSolutionNode = FALSE
	EndGlobalSection
	GlobalSection(ExtensibilityGlobals) = postSolution
		SolutionGuid = {E214C389-E4E3-4CC2-8B1F-FD89EF30C07F}
	EndGlobalSection
EndGlobal
