
Microsoft Visual Studio Solution File, Format Version 12.00
# Visual Studio Version 17
VisualStudioVersion = 17.1.32407.343
MinimumVisualStudioVersion = 10.0.40219.1
Project("{FAE04EC0-301F-11D3-BF4B-00C04F79EFBC}") = "Console ToDo Uygulaması", "Console ToDo Uygulaması.csproj", "{DBFA1E4B-36D9-42C7-A23B-7540634420E5}"
EndProject
Global
	GlobalSection(SolutionConfigurationPlatforms) = preSolution
		Debug|Any CPU = Debug|Any CPU
		Release|Any CPU = Release|Any CPU
	EndGlobalSection
	GlobalSection(ProjectConfigurationPlatforms) = postSolution
		{DBFA1E4B-36D9-42C7-A23B-7540634420E5}.Debug|Any CPU.ActiveCfg = Debug|Any CPU
		{DBFA1E4B-36D9-42C7-A23B-7540634420E5}.Debug|Any CPU.Build.0 = Debug|Any CPU
		{DBFA1E4B-36D9-42C7-A23B-7540634420E5}.Release|Any CPU.ActiveCfg = Release|Any CPU
		{DBFA1E4B-36D9-42C7-A23B-7540634420E5}.Release|Any CPU.Build.0 = Release|Any CPU
	EndGlobalSection
	GlobalSection(SolutionProperties) = preSolution
		HideSolutionNode = FALSE
	EndGlobalSection
	GlobalSection(ExtensibilityGlobals) = postSolution
		SolutionGuid = {93AB0AB3-6C54-4343-9EE1-161FD60F9E80}
	EndGlobalSection
EndGlobal
