
Microsoft Visual Studio Solution File, Format Version 12.00
# Visual Studio Version 17
VisualStudioVersion = 17.1.32407.343
MinimumVisualStudioVersion = 10.0.40219.1
Project("{FAE04EC0-301F-11D3-BF4B-00C04F79EFBC}") = "Ödev2.2", "Ödev2.2.csproj", "{CCB8D889-02A9-444A-AA59-C350A32243D2}"
EndProject
Global
	GlobalSection(SolutionConfigurationPlatforms) = preSolution
		Debug|Any CPU = Debug|Any CPU
		Release|Any CPU = Release|Any CPU
	EndGlobalSection
	GlobalSection(ProjectConfigurationPlatforms) = postSolution
		{CCB8D889-02A9-444A-AA59-C350A32243D2}.Debug|Any CPU.ActiveCfg = Debug|Any CPU
		{CCB8D889-02A9-444A-AA59-C350A32243D2}.Debug|Any CPU.Build.0 = Debug|Any CPU
		{CCB8D889-02A9-444A-AA59-C350A32243D2}.Release|Any CPU.ActiveCfg = Release|Any CPU
		{CCB8D889-02A9-444A-AA59-C350A32243D2}.Release|Any CPU.Build.0 = Release|Any CPU
	EndGlobalSection
	GlobalSection(SolutionProperties) = preSolution
		HideSolutionNode = FALSE
	EndGlobalSection
	GlobalSection(ExtensibilityGlobals) = postSolution
		SolutionGuid = {2E4A9D9F-101F-42EB-8DCB-6788E62D0062}
	EndGlobalSection
EndGlobal
